{
  "requires": true,
  "lockfileVersion": 1,
  "dependencies": {
    "geo2svg": {
      "version": "1.0.3",
      "resolved": "https://registry.npmjs.org/geo2svg/-/geo2svg-1.0.3.tgz",
      "integrity": "sha512-CRsSk62AELuO2bp+4rCptydDKmD7aAGuOKJMJCcEkLIOFpd7GyKo+9SSZOuu6r1Zdl5YqcNHwJM5VCXWN7edTA=="
    },
    "geojson-project": {
      "version": "1.0.1",
      "resolved": "https://registry.npmjs.org/geojson-project/-/geojson-project-1.0.1.tgz",
      "integrity": "sha1-qpNGWGVYo2XETWaY/80L/FffRAY="
    },
    "geojson-to-svg": {
      "version": "1.0.3",
      "resolved": "https://registry.npmjs.org/geojson-to-svg/-/geojson-to-svg-1.0.3.tgz",
      "integrity": "sha1-KeL4yCNN9ldjtTmvoJ5uOtcKcnU=",
      "requires": {
        "geojson-project": "^1.0.1",
        "json-extend": "^0.1.0",
        "string-hash": "^1.1.0",
        "transformation-matrix-js": "^2.6.5"
      }
    },
    "iconv-lite": {
      "version": "0.4.24",
      "resolved": "https://registry.npmjs.org/iconv-lite/-/iconv-lite-0.4.24.tgz",
      "integrity": "sha512-v3MXnZAcvnywkTUEZomIActle7RXXeedOR31wwl7VlyoXO4Qi9arvSenNQWne1TcRwhCL1HwLI21bEqdpj8/rA==",
      "requires": {
        "safer-buffer": ">= 2.1.2 < 3"
      }
    },
    "immediate": {
      "version": "3.0.6",
      "resolved": "https://registry.npmjs.org/immediate/-/immediate-3.0.6.tgz",
      "integrity": "sha1-nbHb0Pr43m++D13V5Wu2BigN5ps="
    },
    "json-extend": {
      "version": "0.1.0",
      "resolved": "https://registry.npmjs.org/json-extend/-/json-extend-0.1.0.tgz",
      "integrity": "sha1-drGII9XGVgTYh81ZJyrgfaUVA5g="
    },
    "jszip": {
      "version": "2.6.1",
      "resolved": "https://registry.npmjs.org/jszip/-/jszip-2.6.1.tgz",
      "integrity": "sha1-uI86ey5noqBIFSmCx6N1bZxIKPA=",
      "requires": {
        "pako": "~1.0.2"
      }
    },
    "lie": {
      "version": "3.3.0",
      "resolved": "https://registry.npmjs.org/lie/-/lie-3.3.0.tgz",
      "integrity": "sha512-UaiMJzeWRlEujzAuw5LokY1L5ecNQYZKfmyZ9L7wDHb/p5etKaxXhohBcrw0EYby+G/NA52vRSN4N39dxHAIwQ==",
      "requires": {
        "immediate": "~3.0.5"
      }
    },
    "lru-cache": {
      "version": "2.7.3",
      "resolved": "https://registry.npmjs.org/lru-cache/-/lru-cache-2.7.3.tgz",
      "integrity": "sha1-bUUk6LlV+V1PW1iFHOId1y+06VI="
    },
    "mgrs": {
      "version": "1.0.0",
      "resolved": "https://registry.npmjs.org/mgrs/-/mgrs-1.0.0.tgz",
      "integrity": "sha1-+5FYjnjJACVnI5XLQLJffNatGCk="
    },
    "pako": {
      "version": "1.0.10",
      "resolved": "https://registry.npmjs.org/pako/-/pako-1.0.10.tgz",
      "integrity": "sha512-0DTvPVU3ed8+HNXOu5Bs+o//Mbdj9VNQMUOe9oKCwh8l0GNwpTDMKCWbRjgtD291AWnkAgkqA/LOnQS8AmS1tw=="
    },
    "parsedbf": {
      "version": "1.0.0",
      "resolved": "https://registry.npmjs.org/parsedbf/-/parsedbf-1.0.0.tgz",
      "integrity": "sha512-qm8G6BPAL8yesN4UP4cNq1rxI5g5OyQNwS/SiLvjVT87PZ+9sbRdIANqH8kPKWvIiDbFM2V3C0xUuh/jvUqRdQ==",
      "requires": {
        "iconv-lite": "^0.4.15",
        "text-encoding-polyfill": "^0.6.7"
      }
    },
    "proj4": {
      "version": "2.5.0",
      "resolved": "https://registry.npmjs.org/proj4/-/proj4-2.5.0.tgz",
      "integrity": "sha512-XZTRT7OPdLzgvtTqL8DG2cEj8lYdovztOwiwpwRSYayOty5Ipf3H68dh/fiL+HKDEyetmQSMhkkMGiJoyziz3w==",
      "requires": {
        "mgrs": "1.0.0",
        "wkt-parser": "^1.2.0"
      }
    },
    "safer-buffer": {
      "version": "2.1.2",
      "resolved": "https://registry.npmjs.org/safer-buffer/-/safer-buffer-2.1.2.tgz",
      "integrity": "sha512-YZo3K82SD7Riyi0E1EQPojLz7kpepnSQI9IyPbHHg1XXXevb5dJI7tpyN2ADxGcQbHG7vcyRHk0cbwqcQriUtg=="
    },
    "shpjs": {
      "version": "3.4.3",
      "resolved": "https://registry.npmjs.org/shpjs/-/shpjs-3.4.3.tgz",
      "integrity": "sha512-NZM75+SLgPt9dK91Z92QK+fVd2OR6zswAmkTrkHRc4mnONbAWGo38I+AxCYsKgCNfqF5cZUi2KfO7r2TZ+tHdw==",
      "requires": {
        "jszip": "^2.4.0",
        "lie": "^3.0.1",
        "lru-cache": "^2.7.0",
        "parsedbf": "^1.0.0",
        "proj4": "^2.1.4"
      }
    },
    "string-hash": {
      "version": "1.1.3",
      "resolved": "https://registry.npmjs.org/string-hash/-/string-hash-1.1.3.tgz",
      "integrity": "sha1-6Kr8CsGFW0Zmkp7X3RJ1311sgRs="
    },
    "text-encoding-polyfill": {
      "version": "0.6.7",
      "resolved": "https://registry.npmjs.org/text-encoding-polyfill/-/text-encoding-polyfill-0.6.7.tgz",
      "integrity": "sha512-/DZ1XJqhbqRkCop6s9ZFu8JrFRwmVuHg4quIRm+ziFkR3N3ec6ck6yBvJ1GYeEQZhLVwRW0rZE+C3SSJpy0RTg=="
    },
    "transformation-matrix-js": {
      "version": "2.7.6",
      "resolved": "https://registry.npmjs.org/transformation-matrix-js/-/transformation-matrix-js-2.7.6.tgz",
      "integrity": "sha512-1CxDIZmCQ3vA0GGnkdMQqxUXVm3xXAFmglPYRS1hr37LzSg22TC7QAWOT38OmdUvMEs/rqcnkFoAsqvzdiluDg=="
    },
    "utm": {
      "version": "1.1.1",
      "resolved": "https://registry.npmjs.org/utm/-/utm-1.1.1.tgz",
      "integrity": "sha512-rJIv6i1u86OVy91Burh/6oRFfE8zOCd6Unc8fvA0N7fjQT43ogqhVeUp5NByaZPe278QyiA5wMMEaAU9Jx6QRA=="
    },
    "wkt-parser": {
      "version": "1.2.3",
      "resolved": "https://registry.npmjs.org/wkt-parser/-/wkt-parser-1.2.3.tgz",
      "integrity": "sha512-s7zrOedGuHbbzMaQOuf8HacuCYp3LmmrHjkkN//7UEAzsYz7xJ6J+j/84ZWZkQcrRqi3xXyuc4odPHj7PEB0bw=="
    }
  }
}
